
Microsoft Visual Studio Solution File, Format Version 12.00
# Visual Studio Version 16
VisualStudioVersion = 25.0.1704.2
MinimumVisualStudioVersion = 10.0.40219.1
Project("{FAE04EC0-301F-11D3-BF4B-00C04F79EFBC}") = "BookRating.App", "BookRating.App\BookRating.App.csproj", "{BBA69279-8ABF-464F-AA2E-279409FDD568}"
EndProject
Global
	GlobalSection(SolutionConfigurationPlatforms) = preSolution
		Debug|Any CPU = Debug|Any CPU
		Release|Any CPU = Release|Any CPU
	EndGlobalSection
	GlobalSection(ProjectConfigurationPlatforms) = postSolution
		{BBA69279-8ABF-464F-AA2E-279409FDD568}.Debug|Any CPU.ActiveCfg = Debug|Any CPU
		{BBA69279-8ABF-464F-AA2E-279409FDD568}.Debug|Any CPU.Build.0 = Debug|Any CPU
		{BBA69279-8ABF-464F-AA2E-279409FDD568}.Release|Any CPU.ActiveCfg = Release|Any CPU
		{BBA69279-8ABF-464F-AA2E-279409FDD568}.Release|Any CPU.Build.0 = Release|Any CPU
	EndGlobalSection
	GlobalSection(SolutionProperties) = preSolution
		HideSolutionNode = FALSE
	EndGlobalSection
	GlobalSection(ExtensibilityGlobals) = postSolution
		SolutionGuid = {DF0FF814-FDFC-4432-9CEB-851C8270FB91}
	EndGlobalSection
EndGlobal
